
Microsoft Visual Studio Solution File, Format Version 12.00
# Visual Studio 2012
Project("{FAE04EC0-301F-11D3-BF4B-00C04F79EFBC}") = "Automation.Core", "Automation.Core\Automation.Core.csproj", "{EF05D7B4-84F7-4B63-B08C-4B63FC29183F}"
EndProject
Project("{FAE04EC0-301F-11D3-BF4B-00C04F79EFBC}") = "Automation.Core.Tests", "Automation.Core.Tests\Automation.Core.Tests.csproj", "{785C915A-F6A1-4221-8B73-CF831754FC4A}"
EndProject
Project("{FAE04EC0-301F-11D3-BF4B-00C04F79EFBC}") = "Automation.Module.Tests", "Automation.Module.Tests\Automation.Module.Tests.csproj", "{B9BAA67F-D75A-4BBD-9339-43565BD3DD0C}"
EndProject
Global
	GlobalSection(SolutionConfigurationPlatforms) = preSolution
		Debug|Any CPU = Debug|Any CPU
		Debug|Mixed Platforms = Debug|Mixed Platforms
		Debug|x86 = Debug|x86
		Release|Any CPU = Release|Any CPU
		Release|Mixed Platforms = Release|Mixed Platforms
		Release|x86 = Release|x86
	EndGlobalSection
	GlobalSection(ProjectConfigurationPlatforms) = postSolution
		{EF05D7B4-84F7-4B63-B08C-4B63FC29183F}.Debug|Any CPU.ActiveCfg = Debug|Any CPU
		{EF05D7B4-84F7-4B63-B08C-4B63FC29183F}.Debug|Any CPU.Build.0 = Debug|Any CPU
		{EF05D7B4-84F7-4B63-B08C-4B63FC29183F}.Debug|Mixed Platforms.ActiveCfg = Debug|Any CPU
		{EF05D7B4-84F7-4B63-B08C-4B63FC29183F}.Debug|Mixed Platforms.Build.0 = Debug|Any CPU
		{EF05D7B4-84F7-4B63-B08C-4B63FC29183F}.Debug|x86.ActiveCfg = Debug|Any CPU
		{EF05D7B4-84F7-4B63-B08C-4B63FC29183F}.Release|Any CPU.ActiveCfg = Release|Any CPU
		{EF05D7B4-84F7-4B63-B08C-4B63FC29183F}.Release|Any CPU.Build.0 = Release|Any CPU
		{EF05D7B4-84F7-4B63-B08C-4B63FC29183F}.Release|Mixed Platforms.ActiveCfg = Release|Any CPU
		{EF05D7B4-84F7-4B63-B08C-4B63FC29183F}.Release|Mixed Platforms.Build.0 = Release|Any CPU
		{EF05D7B4-84F7-4B63-B08C-4B63FC29183F}.Release|x86.ActiveCfg = Release|Any CPU
		{785C915A-F6A1-4221-8B73-CF831754FC4A}.Debug|Any CPU.ActiveCfg = Debug|Any CPU
		{785C915A-F6A1-4221-8B73-CF831754FC4A}.Debug|Any CPU.Build.0 = Debug|Any CPU
		{785C915A-F6A1-4221-8B73-CF831754FC4A}.Debug|Mixed Platforms.ActiveCfg = Debug|Any CPU
		{785C915A-F6A1-4221-8B73-CF831754FC4A}.Debug|Mixed Platforms.Build.0 = Debug|Any CPU
		{785C915A-F6A1-4221-8B73-CF831754FC4A}.Debug|x86.ActiveCfg = Debug|Any CPU
		{785C915A-F6A1-4221-8B73-CF831754FC4A}.Release|Any CPU.ActiveCfg = Release|Any CPU
		{785C915A-F6A1-4221-8B73-CF831754FC4A}.Release|Any CPU.Build.0 = Release|Any CPU
		{785C915A-F6A1-4221-8B73-CF831754FC4A}.Release|Mixed Platforms.ActiveCfg = Release|Any CPU
		{785C915A-F6A1-4221-8B73-CF831754FC4A}.Release|Mixed Platforms.Build.0 = Release|Any CPU
		{785C915A-F6A1-4221-8B73-CF831754FC4A}.Release|x86.ActiveCfg = Release|Any CPU
		{B9BAA67F-D75A-4BBD-9339-43565BD3DD0C}.Debug|Any CPU.ActiveCfg = Debug|Any CPU
		{B9BAA67F-D75A-4BBD-9339-43565BD3DD0C}.Debug|Any CPU.Build.0 = Debug|Any CPU
		{B9BAA67F-D75A-4BBD-9339-43565BD3DD0C}.Debug|Mixed Platforms.ActiveCfg = Debug|Any CPU
		{B9BAA67F-D75A-4BBD-9339-43565BD3DD0C}.Debug|Mixed Platforms.Build.0 = Debug|Any CPU
		{B9BAA67F-D75A-4BBD-9339-43565BD3DD0C}.Debug|x86.ActiveCfg = Debug|Any CPU
		{B9BAA67F-D75A-4BBD-9339-43565BD3DD0C}.Release|Any CPU.ActiveCfg = Release|Any CPU
		{B9BAA67F-D75A-4BBD-9339-43565BD3DD0C}.Release|Any CPU.Build.0 = Release|Any CPU
		{B9BAA67F-D75A-4BBD-9339-43565BD3DD0C}.Release|Mixed Platforms.ActiveCfg = Release|Any CPU
		{B9BAA67F-D75A-4BBD-9339-43565BD3DD0C}.Release|Mixed Platforms.Build.0 = Release|Any CPU
		{B9BAA67F-D75A-4BBD-9339-43565BD3DD0C}.Release|x86.ActiveCfg = Release|Any CPU
	EndGlobalSection
	GlobalSection(SolutionProperties) = preSolution
		HideSolutionNode = FALSE
	EndGlobalSection
EndGlobal
